// !$*UTF8*$!
{
	archiveVersion = 1;
	classes = {
	};
	objectVersion = 46;
	objects = {

/* Begin PBXBuildFile section */
		1A4BB06E1E78D30C002A1AC7 /* AppDelegate.swift in Sources */ = {isa = PBXBuildFile; fileRef = 1A4BB06D1E78D30C002A1AC7 /* AppDelegate.swift */; };
		1A4BB0701E78D30C002A1AC7 /* BucketListViewController.swift in Sources */ = {isa = PBXBuildFile; fileRef = 1A4BB06F1E78D30C002A1AC7 /* BucketListViewController.swift */; };
		1A4BB0731E78D30C002A1AC7 /* Main.storyboard in Resources */ = {isa = PBXBuildFile; fileRef = 1A4BB0711E78D30C002A1AC7 /* Main.storyboard */; };
		1A4BB0751E78D30C002A1AC7 /* Assets.xcassets in Resources */ = {isa = PBXBuildFile; fileRef = 1A4BB0741E78D30C002A1AC7 /* Assets.xcassets */; };
		1A4BB0781E78D30C002A1AC7 /* LaunchScreen.storyboard in Resources */ = {isa = PBXBuildFile; fileRef = 1A4BB0761E78D30C002A1AC7 /* LaunchScreen.storyboard */; };
		1A4BB0831E78D30C002A1AC7 /* BucketListTests.swift in Sources */ = {isa = PBXBuildFile; fileRef = 1A4BB0821E78D30C002A1AC7 /* BucketListTests.swift */; };
		1A4BB08E1E78D30C002A1AC7 /* BucketListUITests.swift in Sources */ = {isa = PBXBuildFile; fileRef = 1A4BB08D1E78D30C002A1AC7 /* BucketListUITests.swift */; };
		1A4BB1161E78E222002A1AC7 /* AddItemTableViewController.swift in Sources */ = {isa = PBXBuildFile; fileRef = 1A4BB1151E78E222002A1AC7 /* AddItemTableViewController.swift */; };
		1A4BB11A1E791704002A1AC7 /* AddItemTableViewControllerDelegate.swift in Sources */ = {isa = PBXBuildFile; fileRef = 1A4BB1191E791704002A1AC7 /* AddItemTableViewControllerDelegate.swift */; };
/* End PBXBuildFile section */

/* Begin PBXContainerItemProxy section */
		1A4BB07F1E78D30C002A1AC7 /* PBXContainerItemProxy */ = {
			isa = PBXContainerItemProxy;
			containerPortal = 1A4BB0621E78D30C002A1AC7 /* Project object */;
			proxyType = 1;
			remoteGlobalIDString = 1A4BB0691E78D30C002A1AC7;
			remoteInfo = BucketList;
		};
		1A4BB08A1E78D30C002A1AC7 /* PBXContainerItemProxy */ = {
			isa = PBXContainerItemProxy;
			containerPortal = 1A4BB0621E78D30C002A1AC7 /* Project object */;
			proxyType = 1;
			remoteGlobalIDString = 1A4BB0691E78D30C002A1AC7;
			remoteInfo = BucketList;
		};
/* End PBXContainerItemProxy section */

/* Begin PBXFileReference section */
		1A4BB06A1E78D30C002A1AC7 /* BucketList.app */ = {isa = PBXFileReference; explicitFileType = wrapper.application; includeInIndex = 0; path = BucketList.app; sourceTree = BUILT_PRODUCTS_DIR; };
		1A4BB06D1E78D30C002A1AC7 /* AppDelegate.swift */ = {isa = PBXFileReference; lastKnownFileType = sourcecode.swift; path = AppDelegate.swift; sourceTree = "<group>"; };
		1A4BB06F1E78D30C002A1AC7 /* BucketListViewController.swift */ = {isa = PBXFileReference; lastKnownFileType = sourcecode.swift; path = BucketListViewController.swift; sourceTree = "<group>"; };
		1A4BB0721E78D30C002A1AC7 /* Base */ = {isa = PBXFileReference; lastKnownFileType = file.storyboard; name = Base; path = Base.lproj/Main.storyboard; sourceTree = "<group>"; };
		1A4BB0741E78D30C002A1AC7 /* Assets.xcassets */ = {isa = PBXFileReference; lastKnownFileType = folder.assetcatalog; path = Assets.xcassets; sourceTree = "<group>"; };
		1A4BB0771E78D30C002A1AC7 /* Base */ = {isa = PBXFileReference; lastKnownFileType = file.storyboard; name = Base; path = Base.lproj/LaunchScreen.storyboard; sourceTree = "<group>"; };
		1A4BB0791E78D30C002A1AC7 /* Info.plist */ = {isa = PBXFileReference; lastKnownFileType = text.plist.xml; path = Info.plist; sourceTree = "<group>"; };
		1A4BB07E1E78D30C002A1AC7 /* BucketListTests.xctest */ = {isa = PBXFileReference; explicitFileType = wrapper.cfbundle; includeInIndex = 0; path = BucketListTests.xctest; sourceTree = BUILT_PRODUCTS_DIR; };
		1A4BB0821E78D30C002A1AC7 /* BucketListTests.swift */ = {isa = PBXFileReference; lastKnownFileType = sourcecode.swift; path = BucketListTests.swift; sourceTree = "<group>"; };
		1A4BB0841E78D30C002A1AC7 /* Info.plist */ = {isa = PBXFileReference; lastKnownFileType = text.plist.xml; path = Info.plist; sourceTree = "<group>"; };
		1A4BB0891E78D30C002A1AC7 /* BucketListUITests.xctest */ = {isa = PBXFileReference; explicitFileType = wrapper.cfbundle; includeInIndex = 0; path = BucketListUITests.xctest; sourceTree = BUILT_PRODUCTS_DIR; };
		1A4BB08D1E78D30C002A1AC7 /* BucketListUITests.swift */ = {isa = PBXFileReference; lastKnownFileType = sourcecode.swift; path = BucketListUITests.swift; sourceTree = "<group>"; };
		1A4BB08F1E78D30C002A1AC7 /* Info.plist */ = {isa = PBXFileReference; lastKnownFileType = text.plist.xml; path = Info.plist; sourceTree = "<group>"; };
		1A4BB1151E78E222002A1AC7 /* AddItemTableViewController.swift */ = {isa = PBXFileReference; fileEncoding = 4; lastKnownFileType = sourcecode.swift; path = AddItemTableViewController.swift; sourceTree = "<group>"; };
		1A4BB1191E791704002A1AC7 /* AddItemTableViewControllerDelegate.swift */ = {isa = PBXFileReference; fileEncoding = 4; lastKnownFileType = sourcecode.swift; path = AddItemTableViewControllerDelegate.swift; sourceTree = "<group>"; };
/* End PBXFileReference section */

/* Begin PBXFrameworksBuildPhase section */
		1A4BB0671E78D30C002A1AC7 /* Frameworks */ = {
			isa = PBXFrameworksBuildPhase;
			buildActionMask = 2147483647;
			files = (
			);
			runOnlyForDeploymentPostprocessing = 0;
		};
		1A4BB07B1E78D30C002A1AC7 /* Frameworks */ = {
			isa = PBXFrameworksBuildPhase;
			buildActionMask = 2147483647;
			files = (
			);
			runOnlyForDeploymentPostprocessing = 0;
		};
		1A4BB0861E78D30C002A1AC7 /* Frameworks */ = {
			isa = PBXFrameworksBuildPhase;
			buildActionMask = 2147483647;
			files = (
			);
			runOnlyForDeploymentPostprocessing = 0;
		};
/* End PBXFrameworksBuildPhase section */

/* Begin PBXGroup section */
		1A4BB0611E78D30C002A1AC7 = {
			isa = PBXGroup;
			children = (
				1A4BB06C1E78D30C002A1AC7 /* BucketList */,
				1A4BB0811E78D30C002A1AC7 /* BucketListTests */,
				1A4BB08C1E78D30C002A1AC7 /* BucketListUITests */,
				1A4BB06B1E78D30C002A1AC7 /* Products */,
			);
			sourceTree = "<group>";
		};
		1A4BB06B1E78D30C002A1AC7 /* Products */ = {
			isa = PBXGroup;
			children = (
				1A4BB06A1E78D30C002A1AC7 /* BucketList.app */,
				1A4BB07E1E78D30C002A1AC7 /* BucketListTests.xctest */,
				1A4BB0891E78D30C002A1AC7 /* BucketListUITests.xctest */,
			);
			name = Products;
			sourceTree = "<group>";
		};
		1A4BB06C1E78D30C002A1AC7 /* BucketList */ = {
			isa = PBXGroup;
			children = (
				1A4BB06D1E78D30C002A1AC7 /* AppDelegate.swift */,
				1A4BB06F1E78D30C002A1AC7 /* BucketListViewController.swift */,
				1A4BB0711E78D30C002A1AC7 /* Main.storyboard */,
				1A4BB1191E791704002A1AC7 /* AddItemTableViewControllerDelegate.swift */,
				1A4BB1151E78E222002A1AC7 /* AddItemTableViewController.swift */,
				1A4BB0741E78D30C002A1AC7 /* Assets.xcassets */,
				1A4BB0761E78D30C002A1AC7 /* LaunchScreen.storyboard */,
				1A4BB0791E78D30C002A1AC7 /* Info.plist */,
			);
			path = BucketList;
			sourceTree = "<group>";
		};
		1A4BB0811E78D30C002A1AC7 /* BucketListTests */ = {
			isa = PBXGroup;
			children = (
				1A4BB0821E78D30C002A1AC7 /* BucketListTests.swift */,
				1A4BB0841E78D30C002A1AC7 /* Info.plist */,
			);
			path = BucketListTests;
			sourceTree = "<group>";
		};
		1A4BB08C1E78D30C002A1AC7 /* BucketListUITests */ = {
			isa = PBXGroup;
			children = (
				1A4BB08D1E78D30C002A1AC7 /* BucketListUITests.swift */,
				1A4BB08F1E78D30C002A1AC7 /* Info.plist */,
			);
			path = BucketListUITests;
			sourceTree = "<group>";
		};
/* End PBXGroup section */

/* Begin PBXNativeTarget section */
		1A4BB0691E78D30C002A1AC7 /* BucketList */ = {
			isa = PBXNativeTarget;
			buildConfigurationList = 1A4BB0921E78D30C002A1AC7 /* Build configuration list for PBXNativeTarget "BucketList" */;
			buildPhases = (
				1A4BB0661E78D30C002A1AC7 /* Sources */,
				1A4BB0671E78D30C002A1AC7 /* Frameworks */,
				1A4BB0681E78D30C002A1AC7 /* Resources */,
			);
			buildRules = (
			);
			dependencies = (
			);
			name = BucketList;
			productName = BucketList;
			productReference = 1A4BB06A1E78D30C002A1AC7 /* BucketList.app */;
			productType = "com.apple.product-type.application";
		};
		1A4BB07D1E78D30C002A1AC7 /* BucketListTests */ = {
			isa = PBXNativeTarget;
			buildConfigurationList = 1A4BB0951E78D30C002A1AC7 /* Build configuration list for PBXNativeTarget "BucketListTests" */;
			buildPhases = (
				1A4BB07A1E78D30C002A1AC7 /* Sources */,
				1A4BB07B1E78D30C002A1AC7 /* Frameworks */,
				1A4BB07C1E78D30C002A1AC7 /* Resources */,
			);
			buildRules = (
			);
			dependencies = (
				1A4BB0801E78D30C002A1AC7 /* PBXTargetDependency */,
			);
			name = BucketListTests;
			productName = BucketListTests;
			productReference = 1A4BB07E1E78D30C002A1AC7 /* BucketListTests.xctest */;
			productType = "com.apple.product-type.bundle.unit-test";
		};
		1A4BB0881E78D30C002A1AC7 /* BucketListUITests */ = {
			isa = PBXNativeTarget;
			buildConfigurationList = 1A4BB0981E78D30C002A1AC7 /* Build configuration list for PBXNativeTarget "BucketListUITests" */;
			buildPhases = (
				1A4BB0851E78D30C002A1AC7 /* Sources */,
				1A4BB0861E78D30C002A1AC7 /* Frameworks */,
				1A4BB0871E78D30C002A1AC7 /* Resources */,
			);
			buildRules = (
			);
			dependencies = (
				1A4BB08B1E78D30C002A1AC7 /* PBXTargetDependency */,
			);
			name = BucketListUITests;
			productName = BucketListUITests;
			productReference = 1A4BB0891E78D30C002A1AC7 /* BucketListUITests.xctest */;
			productType = "com.apple.product-type.bundle.ui-testing";
		};
/* End PBXNativeTarget section */

/* Begin PBXProject section */
		1A4BB0621E78D30C002A1AC7 /* Project object */ = {
			isa = PBXProject;
			attributes = {
				LastSwiftUpdateCheck = 0820;
				LastUpgradeCheck = 0820;
				ORGANIZATIONNAME = "Ryan Munguia";
				TargetAttributes = {
					1A4BB0691E78D30C002A1AC7 = {
						CreatedOnToolsVersion = 8.2.1;
						ProvisioningStyle = Automatic;
					};
					1A4BB07D1E78D30C002A1AC7 = {
						CreatedOnToolsVersion = 8.2.1;
						ProvisioningStyle = Automatic;
						TestTargetID = 1A4BB0691E78D30C002A1AC7;
					};
					1A4BB0881E78D30C002A1AC7 = {
						CreatedOnToolsVersion = 8.2.1;
						ProvisioningStyle = Automatic;
						TestTargetID = 1A4BB0691E78D30C002A1AC7;
					};
				};
			};
			buildConfigurationList = 1A4BB0651E78D30C002A1AC7 /* Build configuration list for PBXProject "BucketList" */;
			compatibilityVersion = "Xcode 3.2";
			developmentRegion = English;
			hasScannedForEncodings = 0;
			knownRegions = (
				en,
				Base,
			);
			mainGroup = 1A4BB0611E78D30C002A1AC7;
			productRefGroup = 1A4BB06B1E78D30C002A1AC7 /* Products */;
			projectDirPath = "";
			projectRoot = "";
			targets = (
				1A4BB0691E78D30C002A1AC7 /* BucketList */,
				1A4BB07D1E78D30C002A1AC7 /* BucketListTests */,
				1A4BB0881E78D30C002A1AC7 /* BucketListUITests */,
			);
		};
/* End PBXProject section */

/* Begin PBXResourcesBuildPhase section */
		1A4BB0681E78D30C002A1AC7 /* Resources */ = {
			isa = PBXResourcesBuildPhase;
			buildActionMask = 2147483647;
			files = (
				1A4BB0781E78D30C002A1AC7 /* LaunchScreen.storyboard in Resources */,
				1A4BB0751E78D30C002A1AC7 /* Assets.xcassets in Resources */,
				1A4BB0731E78D30C002A1AC7 /* Main.storyboard in Resources */,
			);
			runOnlyForDeploymentPostprocessing = 0;
		};
		1A4BB07C1E78D30C002A1AC7 /* Resources */ = {
			isa = PBXResourcesBuildPhase;
			buildActionMask = 2147483647;
			files = (
			);
			runOnlyForDeploymentPostprocessing = 0;
		};
		1A4BB0871E78D30C002A1AC7 /* Resources */ = {
			isa = PBXResourcesBuildPhase;
			buildActionMask = 2147483647;
			files = (
			);
			runOnlyForDeploymentPostprocessing = 0;
		};
/* End PBXResourcesBuildPhase section */

/* Begin PBXSourcesBuildPhase section */
		1A4BB0661E78D30C002A1AC7 /* Sources */ = {
			isa = PBXSourcesBuildPhase;
			buildActionMask = 2147483647;
			files = (
				1A4BB0701E78D30C002A1AC7 /* BucketListViewController.swift in Sources */,
				1A4BB06E1E78D30C002A1AC7 /* AppDelegate.swift in Sources */,
				1A4BB11A1E791704002A1AC7 /* AddItemTableViewControllerDelegate.swift in Sources */,
				1A4BB1161E78E222002A1AC7 /* AddItemTableViewController.swift in Sources */,
			);
			runOnlyForDeploymentPostprocessing = 0;
		};
		1A4BB07A1E78D30C002A1AC7 /* Sources */ = {
			isa = PBXSourcesBuildPhase;
			buildActionMask = 2147483647;
			files = (
				1A4BB0831E78D30C002A1AC7 /* BucketListTests.swift in Sources */,
			);
			runOnlyForDeploymentPostprocessing = 0;
		};
		1A4BB0851E78D30C002A1AC7 /* Sources */ = {
			isa = PBXSourcesBuildPhase;
			buildActionMask = 2147483647;
			files = (
				1A4BB08E1E78D30C002A1AC7 /* BucketListUITests.swift in Sources */,
			);
			runOnlyForDeploymentPostprocessing = 0;
		};
/* End PBXSourcesBuildPhase section */

/* Begin PBXTargetDependency section */
		1A4BB0801E78D30C002A1AC7 /* PBXTargetDependency */ = {
			isa = PBXTargetDependency;
			target = 1A4BB0691E78D30C002A1AC7 /* BucketList */;
			targetProxy = 1A4BB07F1E78D30C002A1AC7 /* PBXContainerItemProxy */;
		};
		1A4BB08B1E78D30C002A1AC7 /* PBXTargetDependency */ = {
			isa = PBXTargetDependency;
			target = 1A4BB0691E78D30C002A1AC7 /* BucketList */;
			targetProxy = 1A4BB08A1E78D30C002A1AC7 /* PBXContainerItemProxy */;
		};
/* End PBXTargetDependency section */

/* Begin PBXVariantGroup section */
		1A4BB0711E78D30C002A1AC7 /* Main.storyboard */ = {
			isa = PBXVariantGroup;
			children = (
				1A4BB0721E78D30C002A1AC7 /* Base */,
			);
			name = Main.storyboard;
			sourceTree = "<group>";
		};
		1A4BB0761E78D30C002A1AC7 /* LaunchScreen.storyboard */ = {
			isa = PBXVariantGroup;
			children = (
				1A4BB0771E78D30C002A1AC7 /* Base */,
			);
			name = LaunchScreen.storyboard;
			sourceTree = "<group>";
		};
/* End PBXVariantGroup section */

/* Begin XCBuildConfiguration section */
		1A4BB0901E78D30C002A1AC7 /* Debug */ = {
			isa = XCBuildConfiguration;
			buildSettings = {
				ALWAYS_SEARCH_USER_PATHS = NO;
				CLANG_ANALYZER_NONNULL = YES;
				CLANG_CXX_LANGUAGE_STANDARD = "gnu++0x";
				CLANG_CXX_LIBRARY = "libc++";
				CLANG_ENABLE_MODULES = YES;
				CLANG_ENABLE_OBJC_ARC = YES;
				CLANG_WARN_BOOL_CONVERSION = YES;
				CLANG_WARN_CONSTANT_CONVERSION = YES;
				CLANG_WARN_DIRECT_OBJC_ISA_USAGE = YES_ERROR;
				CLANG_WARN_DOCUMENTATION_COMMENTS = YES;
				CLANG_WARN_EMPTY_BODY = YES;
				CLANG_WARN_ENUM_CONVERSION = YES;
				CLANG_WARN_INFINITE_RECURSION = YES;
				CLANG_WARN_INT_CONVERSION = YES;
				CLANG_WARN_OBJC_ROOT_CLASS = YES_ERROR;
				CLANG_WARN_SUSPICIOUS_MOVE = YES;
				CLANG_WARN_UNREACHABLE_CODE = YES;
				CLANG_WARN__DUPLICATE_METHOD_MATCH = YES;
				"CODE_SIGN_IDENTITY[sdk=iphoneos*]" = "iPhone Developer";
				COPY_PHASE_STRIP = NO;
				DEBUG_INFORMATION_FORMAT = dwarf;
				ENABLE_STRICT_OBJC_MSGSEND = YES;
				ENABLE_TESTABILITY = YES;
				GCC_C_LANGUAGE_STANDARD = gnu99;
				GCC_DYNAMIC_NO_PIC = NO;
				GCC_NO_COMMON_BLOCKS = YES;
				GCC_OPTIMIZATION_LEVEL = 0;
				GCC_PREPROCESSOR_DEFINITIONS = (
					"DEBUG=1",
					"$(inherited)",
				);
				GCC_WARN_64_TO_32_BIT_CONVERSION = YES;
				GCC_WARN_ABOUT_RETURN_TYPE = YES_ERROR;
				GCC_WARN_UNDECLARED_SELECTOR = YES;
				GCC_WARN_UNINITIALIZED_AUTOS = YES_AGGRESSIVE;
				GCC_WARN_UNUSED_FUNCTION = YES;
				GCC_WARN_UNUSED_VARIABLE = YES;
				IPHONEOS_DEPLOYMENT_TARGET = 10.2;
				MTL_ENABLE_DEBUG_INFO = YES;
				ONLY_ACTIVE_ARCH = YES;
				SDKROOT = iphoneos;
				SWIFT_ACTIVE_COMPILATION_CONDITIONS = DEBUG;
				SWIFT_OPTIMIZATION_LEVEL = "-Onone";
				TARGETED_DEVICE_FAMILY = "1,2";
			};
			name = Debug;
		};
		1A4BB0911E78D30C002A1AC7 /* Release */ = {
			isa = XCBuildConfiguration;
			buildSettings = {
				ALWAYS_SEARCH_USER_PATHS = NO;
				CLANG_ANALYZER_NONNULL = YES;
				CLANG_CXX_LANGUAGE_STANDARD = "gnu++0x";
				CLANG_CXX_LIBRARY = "libc++";
				CLANG_ENABLE_MODULES = YES;
				CLANG_ENABLE_OBJC_ARC = YES;
				CLANG_WARN_BOOL_CONVERSION = YES;
				CLANG_WARN_CONSTANT_CONVERSION = YES;
				CLANG_WARN_DIRECT_OBJC_ISA_USAGE = YES_ERROR;
				CLANG_WARN_DOCUMENTATION_COMMENTS = YES;
				CLANG_WARN_EMPTY_BODY = YES;
				CLANG_WARN_ENUM_CONVERSION = YES;
				CLANG_WARN_INFINITE_RECURSION = YES;
				CLANG_WARN_INT_CONVERSION = YES;
				CLANG_WARN_OBJC_ROOT_CLASS = YES_ERROR;
				CLANG_WARN_SUSPICIOUS_MOVE = YES;
				CLANG_WARN_UNREACHABLE_CODE = YES;
				CLANG_WARN__DUPLICATE_METHOD_MATCH = YES;
				"CODE_SIGN_IDENTITY[sdk=iphoneos*]" = "iPhone Developer";
				COPY_PHASE_STRIP = NO;
				DEBUG_INFORMATION_FORMAT = "dwarf-with-dsym";
				ENABLE_NS_ASSERTIONS = NO;
				ENABLE_STRICT_OBJC_MSGSEND = YES;
				GCC_C_LANGUAGE_STANDARD = gnu99;
				GCC_NO_COMMON_BLOCKS = YES;
				GCC_WARN_64_TO_32_BIT_CONVERSION = YES;
				GCC_WARN_ABOUT_RETURN_TYPE = YES_ERROR;
				GCC_WARN_UNDECLARED_SELECTOR = YES;
				GCC_WARN_UNINITIALIZED_AUTOS = YES_AGGRESSIVE;
				GCC_WARN_UNUSED_FUNCTION = YES;
				GCC_WARN_UNUSED_VARIABLE = YES;
				IPHONEOS_DEPLOYMENT_TARGET = 10.2;
				MTL_ENABLE_DEBUG_INFO = NO;
				SDKROOT = iphoneos;
				SWIFT_OPTIMIZATION_LEVEL = "-Owholemodule";
				TARGETED_DEVICE_FAMILY = "1,2";
				VALIDATE_PRODUCT = YES;
			};
			name = Release;
		};
		1A4BB0931E78D30C002A1AC7 /* Debug */ = {
			isa = XCBuildConfiguration;
			buildSettings = {
				ASSETCATALOG_COMPILER_APPICON_NAME = AppIcon;
				INFOPLIST_FILE = BucketList/Info.plist;
				LD_RUNPATH_SEARCH_PATHS = "$(inherited) @executable_path/Frameworks";
				PRODUCT_BUNDLE_IDENTIFIER = com.codingdojo.BucketList;
				PRODUCT_NAME = "$(TARGET_NAME)";
				SWIFT_VERSION = 3.0;
			};
			name = Debug;
		};
		1A4BB0941E78D30C002A1AC7 /* Release */ = {
			isa = XCBuildConfiguration;
			buildSettings = {
				ASSETCATALOG_COMPILER_APPICON_NAME = AppIcon;
				INFOPLIST_FILE = BucketList/Info.plist;
				LD_RUNPATH_SEARCH_PATHS = "$(inherited) @executable_path/Frameworks";
				PRODUCT_BUNDLE_IDENTIFIER = com.codingdojo.BucketList;
				PRODUCT_NAME = "$(TARGET_NAME)";
				SWIFT_VERSION = 3.0;
			};
			name = Release;
		};
		1A4BB0961E78D30C002A1AC7 /* Debug */ = {
			isa = XCBuildConfiguration;
			buildSettings = {
				ALWAYS_EMBED_SWIFT_STANDARD_LIBRARIES = YES;
				BUNDLE_LOADER = "$(TEST_HOST)";
				INFOPLIST_FILE = BucketListTests/Info.plist;
				LD_RUNPATH_SEARCH_PATHS = "$(inherited) @executable_path/Frameworks @loader_path/Frameworks";
				PRODUCT_BUNDLE_IDENTIFIER = com.codingdojo.BucketListTests;
				PRODUCT_NAME = "$(TARGET_NAME)";
				SWIFT_VERSION = 3.0;
				TEST_HOST = "$(BUILT_PRODUCTS_DIR)/BucketList.app/BucketList";
			};
			name = Debug;
		};
		1A4BB0971E78D30C002A1AC7 /* Release */ = {
			isa = XCBuildConfiguration;
			buildSettings = {
				ALWAYS_EMBED_SWIFT_STANDARD_LIBRARIES = YES;
				BUNDLE_LOADER = "$(TEST_HOST)";
				INFOPLIST_FILE = BucketListTests/Info.plist;
				LD_RUNPATH_SEARCH_PATHS = "$(inherited) @executable_path/Frameworks @loader_path/Frameworks";
				PRODUCT_BUNDLE_IDENTIFIER = com.codingdojo.BucketListTests;
				PRODUCT_NAME = "$(TARGET_NAME)";
				SWIFT_VERSION = 3.0;
				TEST_HOST = "$(BUILT_PRODUCTS_DIR)/BucketList.app/BucketList";
			};
			name = Release;
		};
		1A4BB0991E78D30C002A1AC7 /* Debug */ = {
			isa = XCBuildConfiguration;
			buildSettings = {
				ALWAYS_EMBED_SWIFT_STANDARD_LIBRARIES = YES;
				INFOPLIST_FILE = BucketListUITests/Info.plist;
				LD_RUNPATH_SEARCH_PATHS = "$(inherited) @executable_path/Frameworks @loader_path/Frameworks";
				PRODUCT_BUNDLE_IDENTIFIER = com.codingdojo.BucketListUITests;
				PRODUCT_NAME = "$(TARGET_NAME)";
				SWIFT_VERSION = 3.0;
				TEST_TARGET_NAME = BucketList;
			};
			name = Debug;
		};
		1A4BB09A1E78D30C002A1AC7 /* Release */ = {
			isa = XCBuildConfiguration;
			buildSettings = {
				ALWAYS_EMBED_SWIFT_STANDARD_LIBRARIES = YES;
				INFOPLIST_FILE = BucketListUITests/Info.plist;
				LD_RUNPATH_SEARCH_PATHS = "$(inherited) @executable_path/Frameworks @loader_path/Frameworks";
				PRODUCT_BUNDLE_IDENTIFIER = com.codingdojo.BucketListUITests;
				PRODUCT_NAME = "$(TARGET_NAME)";
				SWIFT_VERSION = 3.0;
				TEST_TARGET_NAME = BucketList;
			};
			name = Release;
		};
/* End XCBuildConfiguration section */

/* Begin XCConfigurationList section */
		1A4BB0651E78D30C002A1AC7 /* Build configuration list for PBXProject "BucketList" */ = {
			isa = XCConfigurationList;
			buildConfigurations = (
				1A4BB0901E78D30C002A1AC7 /* Debug */,
				1A4BB0911E78D30C002A1AC7 /* Release */,
			);
			defaultConfigurationIsVisible = 0;
			defaultConfigurationName = Release;
		};
		1A4BB0921E78D30C002A1AC7 /* Build configuration list for PBXNativeTarget "BucketList" */ = {
			isa = XCConfigurationList;
			buildConfigurations = (
				1A4BB0931E78D30C002A1AC7 /* Debug */,
				1A4BB0941E78D30C002A1AC7 /* Release */,
			);
			defaultConfigurationIsVisible = 0;
			defaultConfigurationName = Release;
		};
		1A4BB0951E78D30C002A1AC7 /* Build configuration list for PBXNativeTarget "BucketListTests" */ = {
			isa = XCConfigurationList;
			buildConfigurations = (
				1A4BB0961E78D30C002A1AC7 /* Debug */,
				1A4BB0971E78D30C002A1AC7 /* Release */,
			);
			defaultConfigurationIsVisible = 0;
			defaultConfigurationName = Release;
		};
		1A4BB0981E78D30C002A1AC7 /* Build configuration list for PBXNativeTarget "BucketListUITests" */ = {
			isa = XCConfigurationList;
			buildConfigurations = (
				1A4BB0991E78D30C002A1AC7 /* Debug */,
				1A4BB09A1E78D30C002A1AC7 /* Release */,
			);
			defaultConfigurationIsVisible = 0;
			defaultConfigurationName = Release;
		};
/* End XCConfigurationList section */
	};
	rootObject = 1A4BB0621E78D30C002A1AC7 /* Project object */;
}
