// !$*UTF8*$!
{
	archiveVersion = 1;
	classes = {
	};
	objectVersion = 46;
	objects = {

/* Begin PBXBuildFile section */
		1A4BAF7C1E78A454002A1AC7 /* AppDelegate.swift in Sources */ = {isa = PBXBuildFile; fileRef = 1A4BAF7B1E78A454002A1AC7 /* AppDelegate.swift */; };
		1A4BAF7E1E78A454002A1AC7 /* ViewController.swift in Sources */ = {isa = PBXBuildFile; fileRef = 1A4BAF7D1E78A454002A1AC7 /* ViewController.swift */; };
		1A4BAF811E78A454002A1AC7 /* Main.storyboard in Resources */ = {isa = PBXBuildFile; fileRef = 1A4BAF7F1E78A454002A1AC7 /* Main.storyboard */; };
		1A4BAF831E78A454002A1AC7 /* Assets.xcassets in Resources */ = {isa = PBXBuildFile; fileRef = 1A4BAF821E78A454002A1AC7 /* Assets.xcassets */; };
		1A4BAF861E78A454002A1AC7 /* LaunchScreen.storyboard in Resources */ = {isa = PBXBuildFile; fileRef = 1A4BAF841E78A454002A1AC7 /* LaunchScreen.storyboard */; };
		1A4BAF911E78A454002A1AC7 /* RainbowRoadTests.swift in Sources */ = {isa = PBXBuildFile; fileRef = 1A4BAF901E78A454002A1AC7 /* RainbowRoadTests.swift */; };
		1A4BAF9C1E78A454002A1AC7 /* RainbowRoadUITests.swift in Sources */ = {isa = PBXBuildFile; fileRef = 1A4BAF9B1E78A454002A1AC7 /* RainbowRoadUITests.swift */; };
/* End PBXBuildFile section */

/* Begin PBXContainerItemProxy section */
		1A4BAF8D1E78A454002A1AC7 /* PBXContainerItemProxy */ = {
			isa = PBXContainerItemProxy;
			containerPortal = 1A4BAF701E78A454002A1AC7 /* Project object */;
			proxyType = 1;
			remoteGlobalIDString = 1A4BAF771E78A454002A1AC7;
			remoteInfo = RainbowRoad;
		};
		1A4BAF981E78A454002A1AC7 /* PBXContainerItemProxy */ = {
			isa = PBXContainerItemProxy;
			containerPortal = 1A4BAF701E78A454002A1AC7 /* Project object */;
			proxyType = 1;
			remoteGlobalIDString = 1A4BAF771E78A454002A1AC7;
			remoteInfo = RainbowRoad;
		};
/* End PBXContainerItemProxy section */

/* Begin PBXFileReference section */
		1A4BAF781E78A454002A1AC7 /* RainbowRoad.app */ = {isa = PBXFileReference; explicitFileType = wrapper.application; includeInIndex = 0; path = RainbowRoad.app; sourceTree = BUILT_PRODUCTS_DIR; };
		1A4BAF7B1E78A454002A1AC7 /* AppDelegate.swift */ = {isa = PBXFileReference; lastKnownFileType = sourcecode.swift; path = AppDelegate.swift; sourceTree = "<group>"; };
		1A4BAF7D1E78A454002A1AC7 /* ViewController.swift */ = {isa = PBXFileReference; lastKnownFileType = sourcecode.swift; path = ViewController.swift; sourceTree = "<group>"; };
		1A4BAF801E78A454002A1AC7 /* Base */ = {isa = PBXFileReference; lastKnownFileType = file.storyboard; name = Base; path = Base.lproj/Main.storyboard; sourceTree = "<group>"; };
		1A4BAF821E78A454002A1AC7 /* Assets.xcassets */ = {isa = PBXFileReference; lastKnownFileType = folder.assetcatalog; path = Assets.xcassets; sourceTree = "<group>"; };
		1A4BAF851E78A454002A1AC7 /* Base */ = {isa = PBXFileReference; lastKnownFileType = file.storyboard; name = Base; path = Base.lproj/LaunchScreen.storyboard; sourceTree = "<group>"; };
		1A4BAF871E78A454002A1AC7 /* Info.plist */ = {isa = PBXFileReference; lastKnownFileType = text.plist.xml; path = Info.plist; sourceTree = "<group>"; };
		1A4BAF8C1E78A454002A1AC7 /* RainbowRoadTests.xctest */ = {isa = PBXFileReference; explicitFileType = wrapper.cfbundle; includeInIndex = 0; path = RainbowRoadTests.xctest; sourceTree = BUILT_PRODUCTS_DIR; };
		1A4BAF901E78A454002A1AC7 /* RainbowRoadTests.swift */ = {isa = PBXFileReference; lastKnownFileType = sourcecode.swift; path = RainbowRoadTests.swift; sourceTree = "<group>"; };
		1A4BAF921E78A454002A1AC7 /* Info.plist */ = {isa = PBXFileReference; lastKnownFileType = text.plist.xml; path = Info.plist; sourceTree = "<group>"; };
		1A4BAF971E78A454002A1AC7 /* RainbowRoadUITests.xctest */ = {isa = PBXFileReference; explicitFileType = wrapper.cfbundle; includeInIndex = 0; path = RainbowRoadUITests.xctest; sourceTree = BUILT_PRODUCTS_DIR; };
		1A4BAF9B1E78A454002A1AC7 /* RainbowRoadUITests.swift */ = {isa = PBXFileReference; lastKnownFileType = sourcecode.swift; path = RainbowRoadUITests.swift; sourceTree = "<group>"; };
		1A4BAF9D1E78A454002A1AC7 /* Info.plist */ = {isa = PBXFileReference; lastKnownFileType = text.plist.xml; path = Info.plist; sourceTree = "<group>"; };
/* End PBXFileReference section */

/* Begin PBXFrameworksBuildPhase section */
		1A4BAF751E78A454002A1AC7 /* Frameworks */ = {
			isa = PBXFrameworksBuildPhase;
			buildActionMask = 2147483647;
			files = (
			);
			runOnlyForDeploymentPostprocessing = 0;
		};
		1A4BAF891E78A454002A1AC7 /* Frameworks */ = {
			isa = PBXFrameworksBuildPhase;
			buildActionMask = 2147483647;
			files = (
			);
			runOnlyForDeploymentPostprocessing = 0;
		};
		1A4BAF941E78A454002A1AC7 /* Frameworks */ = {
			isa = PBXFrameworksBuildPhase;
			buildActionMask = 2147483647;
			files = (
			);
			runOnlyForDeploymentPostprocessing = 0;
		};
/* End PBXFrameworksBuildPhase section */

/* Begin PBXGroup section */
		1A4BAF6F1E78A454002A1AC7 = {
			isa = PBXGroup;
			children = (
				1A4BAF7A1E78A454002A1AC7 /* RainbowRoad */,
				1A4BAF8F1E78A454002A1AC7 /* RainbowRoadTests */,
				1A4BAF9A1E78A454002A1AC7 /* RainbowRoadUITests */,
				1A4BAF791E78A454002A1AC7 /* Products */,
			);
			sourceTree = "<group>";
		};
		1A4BAF791E78A454002A1AC7 /* Products */ = {
			isa = PBXGroup;
			children = (
				1A4BAF781E78A454002A1AC7 /* RainbowRoad.app */,
				1A4BAF8C1E78A454002A1AC7 /* RainbowRoadTests.xctest */,
				1A4BAF971E78A454002A1AC7 /* RainbowRoadUITests.xctest */,
			);
			name = Products;
			sourceTree = "<group>";
		};
		1A4BAF7A1E78A454002A1AC7 /* RainbowRoad */ = {
			isa = PBXGroup;
			children = (
				1A4BAF7B1E78A454002A1AC7 /* AppDelegate.swift */,
				1A4BAF7D1E78A454002A1AC7 /* ViewController.swift */,
				1A4BAF7F1E78A454002A1AC7 /* Main.storyboard */,
				1A4BAF821E78A454002A1AC7 /* Assets.xcassets */,
				1A4BAF841E78A454002A1AC7 /* LaunchScreen.storyboard */,
				1A4BAF871E78A454002A1AC7 /* Info.plist */,
			);
			path = RainbowRoad;
			sourceTree = "<group>";
		};
		1A4BAF8F1E78A454002A1AC7 /* RainbowRoadTests */ = {
			isa = PBXGroup;
			children = (
				1A4BAF901E78A454002A1AC7 /* RainbowRoadTests.swift */,
				1A4BAF921E78A454002A1AC7 /* Info.plist */,
			);
			path = RainbowRoadTests;
			sourceTree = "<group>";
		};
		1A4BAF9A1E78A454002A1AC7 /* RainbowRoadUITests */ = {
			isa = PBXGroup;
			children = (
				1A4BAF9B1E78A454002A1AC7 /* RainbowRoadUITests.swift */,
				1A4BAF9D1E78A454002A1AC7 /* Info.plist */,
			);
			path = RainbowRoadUITests;
			sourceTree = "<group>";
		};
/* End PBXGroup section */

/* Begin PBXNativeTarget section */
		1A4BAF771E78A454002A1AC7 /* RainbowRoad */ = {
			isa = PBXNativeTarget;
			buildConfigurationList = 1A4BAFA01E78A454002A1AC7 /* Build configuration list for PBXNativeTarget "RainbowRoad" */;
			buildPhases = (
				1A4BAF741E78A454002A1AC7 /* Sources */,
				1A4BAF751E78A454002A1AC7 /* Frameworks */,
				1A4BAF761E78A454002A1AC7 /* Resources */,
			);
			buildRules = (
			);
			dependencies = (
			);
			name = RainbowRoad;
			productName = RainbowRoad;
			productReference = 1A4BAF781E78A454002A1AC7 /* RainbowRoad.app */;
			productType = "com.apple.product-type.application";
		};
		1A4BAF8B1E78A454002A1AC7 /* RainbowRoadTests */ = {
			isa = PBXNativeTarget;
			buildConfigurationList = 1A4BAFA31E78A454002A1AC7 /* Build configuration list for PBXNativeTarget "RainbowRoadTests" */;
			buildPhases = (
				1A4BAF881E78A454002A1AC7 /* Sources */,
				1A4BAF891E78A454002A1AC7 /* Frameworks */,
				1A4BAF8A1E78A454002A1AC7 /* Resources */,
			);
			buildRules = (
			);
			dependencies = (
				1A4BAF8E1E78A454002A1AC7 /* PBXTargetDependency */,
			);
			name = RainbowRoadTests;
			productName = RainbowRoadTests;
			productReference = 1A4BAF8C1E78A454002A1AC7 /* RainbowRoadTests.xctest */;
			productType = "com.apple.product-type.bundle.unit-test";
		};
		1A4BAF961E78A454002A1AC7 /* RainbowRoadUITests */ = {
			isa = PBXNativeTarget;
			buildConfigurationList = 1A4BAFA61E78A454002A1AC7 /* Build configuration list for PBXNativeTarget "RainbowRoadUITests" */;
			buildPhases = (
				1A4BAF931E78A454002A1AC7 /* Sources */,
				1A4BAF941E78A454002A1AC7 /* Frameworks */,
				1A4BAF951E78A454002A1AC7 /* Resources */,
			);
			buildRules = (
			);
			dependencies = (
				1A4BAF991E78A454002A1AC7 /* PBXTargetDependency */,
			);
			name = RainbowRoadUITests;
			productName = RainbowRoadUITests;
			productReference = 1A4BAF971E78A454002A1AC7 /* RainbowRoadUITests.xctest */;
			productType = "com.apple.product-type.bundle.ui-testing";
		};
/* End PBXNativeTarget section */

/* Begin PBXProject section */
		1A4BAF701E78A454002A1AC7 /* Project object */ = {
			isa = PBXProject;
			attributes = {
				LastSwiftUpdateCheck = 0820;
				LastUpgradeCheck = 0820;
				ORGANIZATIONNAME = "Ryan Munguia";
				TargetAttributes = {
					1A4BAF771E78A454002A1AC7 = {
						CreatedOnToolsVersion = 8.2.1;
						ProvisioningStyle = Automatic;
					};
					1A4BAF8B1E78A454002A1AC7 = {
						CreatedOnToolsVersion = 8.2.1;
						ProvisioningStyle = Automatic;
						TestTargetID = 1A4BAF771E78A454002A1AC7;
					};
					1A4BAF961E78A454002A1AC7 = {
						CreatedOnToolsVersion = 8.2.1;
						ProvisioningStyle = Automatic;
						TestTargetID = 1A4BAF771E78A454002A1AC7;
					};
				};
			};
			buildConfigurationList = 1A4BAF731E78A454002A1AC7 /* Build configuration list for PBXProject "RainbowRoad" */;
			compatibilityVersion = "Xcode 3.2";
			developmentRegion = English;
			hasScannedForEncodings = 0;
			knownRegions = (
				en,
				Base,
			);
			mainGroup = 1A4BAF6F1E78A454002A1AC7;
			productRefGroup = 1A4BAF791E78A454002A1AC7 /* Products */;
			projectDirPath = "";
			projectRoot = "";
			targets = (
				1A4BAF771E78A454002A1AC7 /* RainbowRoad */,
				1A4BAF8B1E78A454002A1AC7 /* RainbowRoadTests */,
				1A4BAF961E78A454002A1AC7 /* RainbowRoadUITests */,
			);
		};
/* End PBXProject section */

/* Begin PBXResourcesBuildPhase section */
		1A4BAF761E78A454002A1AC7 /* Resources */ = {
			isa = PBXResourcesBuildPhase;
			buildActionMask = 2147483647;
			files = (
				1A4BAF861E78A454002A1AC7 /* LaunchScreen.storyboard in Resources */,
				1A4BAF831E78A454002A1AC7 /* Assets.xcassets in Resources */,
				1A4BAF811E78A454002A1AC7 /* Main.storyboard in Resources */,
			);
			runOnlyForDeploymentPostprocessing = 0;
		};
		1A4BAF8A1E78A454002A1AC7 /* Resources */ = {
			isa = PBXResourcesBuildPhase;
			buildActionMask = 2147483647;
			files = (
			);
			runOnlyForDeploymentPostprocessing = 0;
		};
		1A4BAF951E78A454002A1AC7 /* Resources */ = {
			isa = PBXResourcesBuildPhase;
			buildActionMask = 2147483647;
			files = (
			);
			runOnlyForDeploymentPostprocessing = 0;
		};
/* End PBXResourcesBuildPhase section */

/* Begin PBXSourcesBuildPhase section */
		1A4BAF741E78A454002A1AC7 /* Sources */ = {
			isa = PBXSourcesBuildPhase;
			buildActionMask = 2147483647;
			files = (
				1A4BAF7E1E78A454002A1AC7 /* ViewController.swift in Sources */,
				1A4BAF7C1E78A454002A1AC7 /* AppDelegate.swift in Sources */,
			);
			runOnlyForDeploymentPostprocessing = 0;
		};
		1A4BAF881E78A454002A1AC7 /* Sources */ = {
			isa = PBXSourcesBuildPhase;
			buildActionMask = 2147483647;
			files = (
				1A4BAF911E78A454002A1AC7 /* RainbowRoadTests.swift in Sources */,
			);
			runOnlyForDeploymentPostprocessing = 0;
		};
		1A4BAF931E78A454002A1AC7 /* Sources */ = {
			isa = PBXSourcesBuildPhase;
			buildActionMask = 2147483647;
			files = (
				1A4BAF9C1E78A454002A1AC7 /* RainbowRoadUITests.swift in Sources */,
			);
			runOnlyForDeploymentPostprocessing = 0;
		};
/* End PBXSourcesBuildPhase section */

/* Begin PBXTargetDependency section */
		1A4BAF8E1E78A454002A1AC7 /* PBXTargetDependency */ = {
			isa = PBXTargetDependency;
			target = 1A4BAF771E78A454002A1AC7 /* RainbowRoad */;
			targetProxy = 1A4BAF8D1E78A454002A1AC7 /* PBXContainerItemProxy */;
		};
		1A4BAF991E78A454002A1AC7 /* PBXTargetDependency */ = {
			isa = PBXTargetDependency;
			target = 1A4BAF771E78A454002A1AC7 /* RainbowRoad */;
			targetProxy = 1A4BAF981E78A454002A1AC7 /* PBXContainerItemProxy */;
		};
/* End PBXTargetDependency section */

/* Begin PBXVariantGroup section */
		1A4BAF7F1E78A454002A1AC7 /* Main.storyboard */ = {
			isa = PBXVariantGroup;
			children = (
				1A4BAF801E78A454002A1AC7 /* Base */,
			);
			name = Main.storyboard;
			sourceTree = "<group>";
		};
		1A4BAF841E78A454002A1AC7 /* LaunchScreen.storyboard */ = {
			isa = PBXVariantGroup;
			children = (
				1A4BAF851E78A454002A1AC7 /* Base */,
			);
			name = LaunchScreen.storyboard;
			sourceTree = "<group>";
		};
/* End PBXVariantGroup section */

/* Begin XCBuildConfiguration section */
		1A4BAF9E1E78A454002A1AC7 /* Debug */ = {
			isa = XCBuildConfiguration;
			buildSettings = {
				ALWAYS_SEARCH_USER_PATHS = NO;
				CLANG_ANALYZER_NONNULL = YES;
				CLANG_CXX_LANGUAGE_STANDARD = "gnu++0x";
				CLANG_CXX_LIBRARY = "libc++";
				CLANG_ENABLE_MODULES = YES;
				CLANG_ENABLE_OBJC_ARC = YES;
				CLANG_WARN_BOOL_CONVERSION = YES;
				CLANG_WARN_CONSTANT_CONVERSION = YES;
				CLANG_WARN_DIRECT_OBJC_ISA_USAGE = YES_ERROR;
				CLANG_WARN_DOCUMENTATION_COMMENTS = YES;
				CLANG_WARN_EMPTY_BODY = YES;
				CLANG_WARN_ENUM_CONVERSION = YES;
				CLANG_WARN_INFINITE_RECURSION = YES;
				CLANG_WARN_INT_CONVERSION = YES;
				CLANG_WARN_OBJC_ROOT_CLASS = YES_ERROR;
				CLANG_WARN_SUSPICIOUS_MOVE = YES;
				CLANG_WARN_UNREACHABLE_CODE = YES;
				CLANG_WARN__DUPLICATE_METHOD_MATCH = YES;
				"CODE_SIGN_IDENTITY[sdk=iphoneos*]" = "iPhone Developer";
				COPY_PHASE_STRIP = NO;
				DEBUG_INFORMATION_FORMAT = dwarf;
				ENABLE_STRICT_OBJC_MSGSEND = YES;
				ENABLE_TESTABILITY = YES;
				GCC_C_LANGUAGE_STANDARD = gnu99;
				GCC_DYNAMIC_NO_PIC = NO;
				GCC_NO_COMMON_BLOCKS = YES;
				GCC_OPTIMIZATION_LEVEL = 0;
				GCC_PREPROCESSOR_DEFINITIONS = (
					"DEBUG=1",
					"$(inherited)",
				);
				GCC_WARN_64_TO_32_BIT_CONVERSION = YES;
				GCC_WARN_ABOUT_RETURN_TYPE = YES_ERROR;
				GCC_WARN_UNDECLARED_SELECTOR = YES;
				GCC_WARN_UNINITIALIZED_AUTOS = YES_AGGRESSIVE;
				GCC_WARN_UNUSED_FUNCTION = YES;
				GCC_WARN_UNUSED_VARIABLE = YES;
				IPHONEOS_DEPLOYMENT_TARGET = 10.2;
				MTL_ENABLE_DEBUG_INFO = YES;
				ONLY_ACTIVE_ARCH = YES;
				SDKROOT = iphoneos;
				SWIFT_ACTIVE_COMPILATION_CONDITIONS = DEBUG;
				SWIFT_OPTIMIZATION_LEVEL = "-Onone";
				TARGETED_DEVICE_FAMILY = "1,2";
			};
			name = Debug;
		};
		1A4BAF9F1E78A454002A1AC7 /* Release */ = {
			isa = XCBuildConfiguration;
			buildSettings = {
				ALWAYS_SEARCH_USER_PATHS = NO;
				CLANG_ANALYZER_NONNULL = YES;
				CLANG_CXX_LANGUAGE_STANDARD = "gnu++0x";
				CLANG_CXX_LIBRARY = "libc++";
				CLANG_ENABLE_MODULES = YES;
				CLANG_ENABLE_OBJC_ARC = YES;
				CLANG_WARN_BOOL_CONVERSION = YES;
				CLANG_WARN_CONSTANT_CONVERSION = YES;
				CLANG_WARN_DIRECT_OBJC_ISA_USAGE = YES_ERROR;
				CLANG_WARN_DOCUMENTATION_COMMENTS = YES;
				CLANG_WARN_EMPTY_BODY = YES;
				CLANG_WARN_ENUM_CONVERSION = YES;
				CLANG_WARN_INFINITE_RECURSION = YES;
				CLANG_WARN_INT_CONVERSION = YES;
				CLANG_WARN_OBJC_ROOT_CLASS = YES_ERROR;
				CLANG_WARN_SUSPICIOUS_MOVE = YES;
				CLANG_WARN_UNREACHABLE_CODE = YES;
				CLANG_WARN__DUPLICATE_METHOD_MATCH = YES;
				"CODE_SIGN_IDENTITY[sdk=iphoneos*]" = "iPhone Developer";
				COPY_PHASE_STRIP = NO;
				DEBUG_INFORMATION_FORMAT = "dwarf-with-dsym";
				ENABLE_NS_ASSERTIONS = NO;
				ENABLE_STRICT_OBJC_MSGSEND = YES;
				GCC_C_LANGUAGE_STANDARD = gnu99;
				GCC_NO_COMMON_BLOCKS = YES;
				GCC_WARN_64_TO_32_BIT_CONVERSION = YES;
				GCC_WARN_ABOUT_RETURN_TYPE = YES_ERROR;
				GCC_WARN_UNDECLARED_SELECTOR = YES;
				GCC_WARN_UNINITIALIZED_AUTOS = YES_AGGRESSIVE;
				GCC_WARN_UNUSED_FUNCTION = YES;
				GCC_WARN_UNUSED_VARIABLE = YES;
				IPHONEOS_DEPLOYMENT_TARGET = 10.2;
				MTL_ENABLE_DEBUG_INFO = NO;
				SDKROOT = iphoneos;
				SWIFT_OPTIMIZATION_LEVEL = "-Owholemodule";
				TARGETED_DEVICE_FAMILY = "1,2";
				VALIDATE_PRODUCT = YES;
			};
			name = Release;
		};
		1A4BAFA11E78A454002A1AC7 /* Debug */ = {
			isa = XCBuildConfiguration;
			buildSettings = {
				ASSETCATALOG_COMPILER_APPICON_NAME = AppIcon;
				INFOPLIST_FILE = RainbowRoad/Info.plist;
				LD_RUNPATH_SEARCH_PATHS = "$(inherited) @executable_path/Frameworks";
				PRODUCT_BUNDLE_IDENTIFIER = com.codingdojo.RainbowRoad;
				PRODUCT_NAME = "$(TARGET_NAME)";
				SWIFT_VERSION = 3.0;
			};
			name = Debug;
		};
		1A4BAFA21E78A454002A1AC7 /* Release */ = {
			isa = XCBuildConfiguration;
			buildSettings = {
				ASSETCATALOG_COMPILER_APPICON_NAME = AppIcon;
				INFOPLIST_FILE = RainbowRoad/Info.plist;
				LD_RUNPATH_SEARCH_PATHS = "$(inherited) @executable_path/Frameworks";
				PRODUCT_BUNDLE_IDENTIFIER = com.codingdojo.RainbowRoad;
				PRODUCT_NAME = "$(TARGET_NAME)";
				SWIFT_VERSION = 3.0;
			};
			name = Release;
		};
		1A4BAFA41E78A454002A1AC7 /* Debug */ = {
			isa = XCBuildConfiguration;
			buildSettings = {
				ALWAYS_EMBED_SWIFT_STANDARD_LIBRARIES = YES;
				BUNDLE_LOADER = "$(TEST_HOST)";
				INFOPLIST_FILE = RainbowRoadTests/Info.plist;
				LD_RUNPATH_SEARCH_PATHS = "$(inherited) @executable_path/Frameworks @loader_path/Frameworks";
				PRODUCT_BUNDLE_IDENTIFIER = com.codingdojo.RainbowRoadTests;
				PRODUCT_NAME = "$(TARGET_NAME)";
				SWIFT_VERSION = 3.0;
				TEST_HOST = "$(BUILT_PRODUCTS_DIR)/RainbowRoad.app/RainbowRoad";
			};
			name = Debug;
		};
		1A4BAFA51E78A454002A1AC7 /* Release */ = {
			isa = XCBuildConfiguration;
			buildSettings = {
				ALWAYS_EMBED_SWIFT_STANDARD_LIBRARIES = YES;
				BUNDLE_LOADER = "$(TEST_HOST)";
				INFOPLIST_FILE = RainbowRoadTests/Info.plist;
				LD_RUNPATH_SEARCH_PATHS = "$(inherited) @executable_path/Frameworks @loader_path/Frameworks";
				PRODUCT_BUNDLE_IDENTIFIER = com.codingdojo.RainbowRoadTests;
				PRODUCT_NAME = "$(TARGET_NAME)";
				SWIFT_VERSION = 3.0;
				TEST_HOST = "$(BUILT_PRODUCTS_DIR)/RainbowRoad.app/RainbowRoad";
			};
			name = Release;
		};
		1A4BAFA71E78A454002A1AC7 /* Debug */ = {
			isa = XCBuildConfiguration;
			buildSettings = {
				ALWAYS_EMBED_SWIFT_STANDARD_LIBRARIES = YES;
				INFOPLIST_FILE = RainbowRoadUITests/Info.plist;
				LD_RUNPATH_SEARCH_PATHS = "$(inherited) @executable_path/Frameworks @loader_path/Frameworks";
				PRODUCT_BUNDLE_IDENTIFIER = com.codingdojo.RainbowRoadUITests;
				PRODUCT_NAME = "$(TARGET_NAME)";
				SWIFT_VERSION = 3.0;
				TEST_TARGET_NAME = RainbowRoad;
			};
			name = Debug;
		};
		1A4BAFA81E78A454002A1AC7 /* Release */ = {
			isa = XCBuildConfiguration;
			buildSettings = {
				ALWAYS_EMBED_SWIFT_STANDARD_LIBRARIES = YES;
				INFOPLIST_FILE = RainbowRoadUITests/Info.plist;
				LD_RUNPATH_SEARCH_PATHS = "$(inherited) @executable_path/Frameworks @loader_path/Frameworks";
				PRODUCT_BUNDLE_IDENTIFIER = com.codingdojo.RainbowRoadUITests;
				PRODUCT_NAME = "$(TARGET_NAME)";
				SWIFT_VERSION = 3.0;
				TEST_TARGET_NAME = RainbowRoad;
			};
			name = Release;
		};
/* End XCBuildConfiguration section */

/* Begin XCConfigurationList section */
		1A4BAF731E78A454002A1AC7 /* Build configuration list for PBXProject "RainbowRoad" */ = {
			isa = XCConfigurationList;
			buildConfigurations = (
				1A4BAF9E1E78A454002A1AC7 /* Debug */,
				1A4BAF9F1E78A454002A1AC7 /* Release */,
			);
			defaultConfigurationIsVisible = 0;
			defaultConfigurationName = Release;
		};
		1A4BAFA01E78A454002A1AC7 /* Build configuration list for PBXNativeTarget "RainbowRoad" */ = {
			isa = XCConfigurationList;
			buildConfigurations = (
				1A4BAFA11E78A454002A1AC7 /* Debug */,
				1A4BAFA21E78A454002A1AC7 /* Release */,
			);
			defaultConfigurationIsVisible = 0;
		};
		1A4BAFA31E78A454002A1AC7 /* Build configuration list for PBXNativeTarget "RainbowRoadTests" */ = {
			isa = XCConfigurationList;
			buildConfigurations = (
				1A4BAFA41E78A454002A1AC7 /* Debug */,
				1A4BAFA51E78A454002A1AC7 /* Release */,
			);
			defaultConfigurationIsVisible = 0;
		};
		1A4BAFA61E78A454002A1AC7 /* Build configuration list for PBXNativeTarget "RainbowRoadUITests" */ = {
			isa = XCConfigurationList;
			buildConfigurations = (
				1A4BAFA71E78A454002A1AC7 /* Debug */,
				1A4BAFA81E78A454002A1AC7 /* Release */,
			);
			defaultConfigurationIsVisible = 0;
		};
/* End XCConfigurationList section */
	};
	rootObject = 1A4BAF701E78A454002A1AC7 /* Project object */;
}
